
Microsoft Visual Studio Solution File, Format Version 12.00
# Visual Studio Version 16
VisualStudioVersion = 16.0.29411.108
MinimumVisualStudioVersion = 10.0.40219.1
Project("{9A19103F-16F7-4668-BE54-9A1E7A4F7556}") = "Domain", "Domain\Domain.csproj", "{0765E911-BFFC-42B0-A100-A4EB6850CAAD}"
EndProject
Project("{9A19103F-16F7-4668-BE54-9A1E7A4F7556}") = "Infrastructure", "Infrastructure\Infrastructure.csproj", "{155AF2C9-5282-4B21-9DF6-F068C353CE0C}"
EndProject
Project("{9A19103F-16F7-4668-BE54-9A1E7A4F7556}") = "Web", "Web\Web.csproj", "{A3C5D192-BCFB-415D-9BF4-65D35C02863A}"
EndProject
Project("{FAE04EC0-301F-11D3-BF4B-00C04F79EFBC}") = "Application", "Application\Application.csproj", "{B07B9232-E7CE-41E4-823F-9A8B3558BFB7}"
EndProject
Global
	GlobalSection(SolutionConfigurationPlatforms) = preSolution
		Debug|Any CPU = Debug|Any CPU
		Release|Any CPU = Release|Any CPU
	EndGlobalSection
	GlobalSection(ProjectConfigurationPlatforms) = postSolution
		{0765E911-BFFC-42B0-A100-A4EB6850CAAD}.Debug|Any CPU.ActiveCfg = Debug|Any CPU
		{0765E911-BFFC-42B0-A100-A4EB6850CAAD}.Debug|Any CPU.Build.0 = Debug|Any CPU
		{0765E911-BFFC-42B0-A100-A4EB6850CAAD}.Release|Any CPU.ActiveCfg = Release|Any CPU
		{0765E911-BFFC-42B0-A100-A4EB6850CAAD}.Release|Any CPU.Build.0 = Release|Any CPU
		{155AF2C9-5282-4B21-9DF6-F068C353CE0C}.Debug|Any CPU.ActiveCfg = Debug|Any CPU
		{155AF2C9-5282-4B21-9DF6-F068C353CE0C}.Debug|Any CPU.Build.0 = Debug|Any CPU
		{155AF2C9-5282-4B21-9DF6-F068C353CE0C}.Release|Any CPU.ActiveCfg = Release|Any CPU
		{155AF2C9-5282-4B21-9DF6-F068C353CE0C}.Release|Any CPU.Build.0 = Release|Any CPU
		{A3C5D192-BCFB-415D-9BF4-65D35C02863A}.Debug|Any CPU.ActiveCfg = Debug|Any CPU
		{A3C5D192-BCFB-415D-9BF4-65D35C02863A}.Debug|Any CPU.Build.0 = Debug|Any CPU
		{A3C5D192-BCFB-415D-9BF4-65D35C02863A}.Release|Any CPU.ActiveCfg = Release|Any CPU
		{A3C5D192-BCFB-415D-9BF4-65D35C02863A}.Release|Any CPU.Build.0 = Release|Any CPU
		{B07B9232-E7CE-41E4-823F-9A8B3558BFB7}.Debug|Any CPU.ActiveCfg = Debug|Any CPU
		{B07B9232-E7CE-41E4-823F-9A8B3558BFB7}.Debug|Any CPU.Build.0 = Debug|Any CPU
		{B07B9232-E7CE-41E4-823F-9A8B3558BFB7}.Release|Any CPU.ActiveCfg = Release|Any CPU
		{B07B9232-E7CE-41E4-823F-9A8B3558BFB7}.Release|Any CPU.Build.0 = Release|Any CPU
	EndGlobalSection
	GlobalSection(SolutionProperties) = preSolution
		HideSolutionNode = FALSE
	EndGlobalSection
	GlobalSection(ExtensibilityGlobals) = postSolution
		SolutionGuid = {6269249F-2093-4942-A9A8-682F4BEF62F4}
	EndGlobalSection
EndGlobal
